// !$*UTF8*$!
{
	archiveVersion = 1;
	classes = {
	};
	objectVersion = 77;
	objects = {

/* Begin PBXBuildFile section */
		9407DE202DB88EC3003F8C1F /* RealmSwift in Frameworks */ = {isa = PBXBuildFile; productRef = 9407DE1F2DB88EC3003F8C1F /* RealmSwift */; };
		9407DE212DB88EC3003F8C1F /* RealmSwift in Embed Frameworks */ = {isa = PBXBuildFile; productRef = 9407DE1F2DB88EC3003F8C1F /* RealmSwift */; settings = {ATTRIBUTES = (CodeSignOnCopy, ); }; };
/* End PBXBuildFile section */

/* Begin PBXContainerItemProxy section */
		94D0ABBE2DB6442F00986CAF /* PBXContainerItemProxy */ = {
			isa = PBXContainerItemProxy;
			containerPortal = 94D0ABA52DB6442D00986CAF /* Project object */;
			proxyType = 1;
			remoteGlobalIDString = 94D0ABAC2DB6442D00986CAF;
			remoteInfo = Medications;
		};
		94D0ABC82DB6442F00986CAF /* PBXContainerItemProxy */ = {
			isa = PBXContainerItemProxy;
			containerPortal = 94D0ABA52DB6442D00986CAF /* Project object */;
			proxyType = 1;
			remoteGlobalIDString = 94D0ABAC2DB6442D00986CAF;
			remoteInfo = Medications;
		};
/* End PBXContainerItemProxy section */

/* Begin PBXCopyFilesBuildPhase section */
		9407DE222DB88EC3003F8C1F /* Embed Frameworks */ = {
			isa = PBXCopyFilesBuildPhase;
			buildActionMask = 2147483647;
			dstPath = "";
			dstSubfolderSpec = 10;
			files = (
				9407DE212DB88EC3003F8C1F /* RealmSwift in Embed Frameworks */,
			);
			name = "Embed Frameworks";
			runOnlyForDeploymentPostprocessing = 0;
		};
/* End PBXCopyFilesBuildPhase section */

/* Begin PBXFileReference section */
		94D0ABAD2DB6442D00986CAF /* Medications.app */ = {isa = PBXFileReference; explicitFileType = wrapper.application; includeInIndex = 0; path = Medications.app; sourceTree = BUILT_PRODUCTS_DIR; };
		94D0ABBD2DB6442F00986CAF /* MedicationsTests.xctest */ = {isa = PBXFileReference; explicitFileType = wrapper.cfbundle; includeInIndex = 0; path = MedicationsTests.xctest; sourceTree = BUILT_PRODUCTS_DIR; };
		94D0ABC72DB6442F00986CAF /* MedicationsUITests.xctest */ = {isa = PBXFileReference; explicitFileType = wrapper.cfbundle; includeInIndex = 0; path = MedicationsUITests.xctest; sourceTree = BUILT_PRODUCTS_DIR; };
/* End PBXFileReference section */

/* Begin PBXFileSystemSynchronizedRootGroup section */
		94D0ABAF2DB6442D00986CAF /* Medications */ = {
			isa = PBXFileSystemSynchronizedRootGroup;
			path = Medications;
			sourceTree = "<group>";
		};
		94D0ABC02DB6442F00986CAF /* MedicationsTests */ = {
			isa = PBXFileSystemSynchronizedRootGroup;
			path = MedicationsTests;
			sourceTree = "<group>";
		};
		94D0ABCA2DB6442F00986CAF /* MedicationsUITests */ = {
			isa = PBXFileSystemSynchronizedRootGroup;
			path = MedicationsUITests;
			sourceTree = "<group>";
		};
/* End PBXFileSystemSynchronizedRootGroup section */

/* Begin PBXFrameworksBuildPhase section */
		94D0ABAA2DB6442D00986CAF /* Frameworks */ = {
			isa = PBXFrameworksBuildPhase;
			buildActionMask = 2147483647;
			files = (
				9407DE202DB88EC3003F8C1F /* RealmSwift in Frameworks */,
			);
			runOnlyForDeploymentPostprocessing = 0;
		};
		94D0ABBA2DB6442F00986CAF /* Frameworks */ = {
			isa = PBXFrameworksBuildPhase;
			buildActionMask = 2147483647;
			files = (
			);
			runOnlyForDeploymentPostprocessing = 0;
		};
		94D0ABC42DB6442F00986CAF /* Frameworks */ = {
			isa = PBXFrameworksBuildPhase;
			buildActionMask = 2147483647;
			files = (
			);
			runOnlyForDeploymentPostprocessing = 0;
		};
/* End PBXFrameworksBuildPhase section */

/* Begin PBXGroup section */
		9407DE1E2DB88EC3003F8C1F /* Frameworks */ = {
			isa = PBXGroup;
			children = (
			);
			name = Frameworks;
			sourceTree = "<group>";
		};
		94D0ABA42DB6442D00986CAF = {
			isa = PBXGroup;
			children = (
				94D0ABAF2DB6442D00986CAF /* Medications */,
				94D0ABC02DB6442F00986CAF /* MedicationsTests */,
				94D0ABCA2DB6442F00986CAF /* MedicationsUITests */,
				9407DE1E2DB88EC3003F8C1F /* Frameworks */,
				94D0ABAE2DB6442D00986CAF /* Products */,
			);
			sourceTree = "<group>";
		};
		94D0ABAE2DB6442D00986CAF /* Products */ = {
			isa = PBXGroup;
			children = (
				94D0ABAD2DB6442D00986CAF /* Medications.app */,
				94D0ABBD2DB6442F00986CAF /* MedicationsTests.xctest */,
				94D0ABC72DB6442F00986CAF /* MedicationsUITests.xctest */,
			);
			name = Products;
			sourceTree = "<group>";
		};
/* End PBXGroup section */

/* Begin PBXNativeTarget section */
		94D0ABAC2DB6442D00986CAF /* Medications */ = {
			isa = PBXNativeTarget;
			buildConfigurationList = 94D0ABD12DB6442F00986CAF /* Build configuration list for PBXNativeTarget "Medications" */;
			buildPhases = (
				94D0ABA92DB6442D00986CAF /* Sources */,
				94D0ABAA2DB6442D00986CAF /* Frameworks */,
				94D0ABAB2DB6442D00986CAF /* Resources */,
				9407DE222DB88EC3003F8C1F /* Embed Frameworks */,
			);
			buildRules = (
			);
			dependencies = (
			);
			fileSystemSynchronizedGroups = (
				94D0ABAF2DB6442D00986CAF /* Medications */,
			);
			name = Medications;
			packageProductDependencies = (
				9407DE1F2DB88EC3003F8C1F /* RealmSwift */,
			);
			productName = Medications;
			productReference = 94D0ABAD2DB6442D00986CAF /* Medications.app */;
			productType = "com.apple.product-type.application";
		};
		94D0ABBC2DB6442F00986CAF /* MedicationsTests */ = {
			isa = PBXNativeTarget;
			buildConfigurationList = 94D0ABD42DB6442F00986CAF /* Build configuration list for PBXNativeTarget "MedicationsTests" */;
			buildPhases = (
				94D0ABB92DB6442F00986CAF /* Sources */,
				94D0ABBA2DB6442F00986CAF /* Frameworks */,
				94D0ABBB2DB6442F00986CAF /* Resources */,
			);
			buildRules = (
			);
			dependencies = (
				94D0ABBF2DB6442F00986CAF /* PBXTargetDependency */,
			);
			fileSystemSynchronizedGroups = (
				94D0ABC02DB6442F00986CAF /* MedicationsTests */,
			);
			name = MedicationsTests;
			packageProductDependencies = (
			);
			productName = MedicationsTests;
			productReference = 94D0ABBD2DB6442F00986CAF /* MedicationsTests.xctest */;
			productType = "com.apple.product-type.bundle.unit-test";
		};
		94D0ABC62DB6442F00986CAF /* MedicationsUITests */ = {
			isa = PBXNativeTarget;
			buildConfigurationList = 94D0ABD72DB6442F00986CAF /* Build configuration list for PBXNativeTarget "MedicationsUITests" */;
			buildPhases = (
				94D0ABC32DB6442F00986CAF /* Sources */,
				94D0ABC42DB6442F00986CAF /* Frameworks */,
				94D0ABC52DB6442F00986CAF /* Resources */,
			);
			buildRules = (
			);
			dependencies = (
				94D0ABC92DB6442F00986CAF /* PBXTargetDependency */,
			);
			fileSystemSynchronizedGroups = (
				94D0ABCA2DB6442F00986CAF /* MedicationsUITests */,
			);
			name = MedicationsUITests;
			packageProductDependencies = (
			);
			productName = MedicationsUITests;
			productReference = 94D0ABC72DB6442F00986CAF /* MedicationsUITests.xctest */;
			productType = "com.apple.product-type.bundle.ui-testing";
		};
/* End PBXNativeTarget section */

/* Begin PBXProject section */
		94D0ABA52DB6442D00986CAF /* Project object */ = {
			isa = PBXProject;
			attributes = {
				BuildIndependentTargetsInParallel = 1;
				LastSwiftUpdateCheck = 1620;
				LastUpgradeCheck = 1620;
				TargetAttributes = {
					94D0ABAC2DB6442D00986CAF = {
						CreatedOnToolsVersion = 16.2;
					};
					94D0ABBC2DB6442F00986CAF = {
						CreatedOnToolsVersion = 16.2;
						TestTargetID = 94D0ABAC2DB6442D00986CAF;
					};
					94D0ABC62DB6442F00986CAF = {
						CreatedOnToolsVersion = 16.2;
						TestTargetID = 94D0ABAC2DB6442D00986CAF;
					};
				};
			};
			buildConfigurationList = 94D0ABA82DB6442D00986CAF /* Build configuration list for PBXProject "Medications" */;
			developmentRegion = en;
			hasScannedForEncodings = 0;
			knownRegions = (
				en,
				Base,
			);
			mainGroup = 94D0ABA42DB6442D00986CAF;
			minimizedProjectReferenceProxies = 1;
			packageReferences = (
				9407DDBE2DB887F2003F8C1F /* XCRemoteSwiftPackageReference "realm-swift" */,
			);
			preferredProjectObjectVersion = 77;
			productRefGroup = 94D0ABAE2DB6442D00986CAF /* Products */;
			projectDirPath = "";
			projectRoot = "";
			targets = (
				94D0ABAC2DB6442D00986CAF /* Medications */,
				94D0ABBC2DB6442F00986CAF /* MedicationsTests */,
				94D0ABC62DB6442F00986CAF /* MedicationsUITests */,
			);
		};
/* End PBXProject section */

/* Begin PBXResourcesBuildPhase section */
		94D0ABAB2DB6442D00986CAF /* Resources */ = {
			isa = PBXResourcesBuildPhase;
			buildActionMask = 2147483647;
			files = (
			);
			runOnlyForDeploymentPostprocessing = 0;
		};
		94D0ABBB2DB6442F00986CAF /* Resources */ = {
			isa = PBXResourcesBuildPhase;
			buildActionMask = 2147483647;
			files = (
			);
			runOnlyForDeploymentPostprocessing = 0;
		};
		94D0ABC52DB6442F00986CAF /* Resources */ = {
			isa = PBXResourcesBuildPhase;
			buildActionMask = 2147483647;
			files = (
			);
			runOnlyForDeploymentPostprocessing = 0;
		};
/* End PBXResourcesBuildPhase section */

/* Begin PBXSourcesBuildPhase section */
		94D0ABA92DB6442D00986CAF /* Sources */ = {
			isa = PBXSourcesBuildPhase;
			buildActionMask = 2147483647;
			files = (
			);
			runOnlyForDeploymentPostprocessing = 0;
		};
		94D0ABB92DB6442F00986CAF /* Sources */ = {
			isa = PBXSourcesBuildPhase;
			buildActionMask = 2147483647;
			files = (
			);
			runOnlyForDeploymentPostprocessing = 0;
		};
		94D0ABC32DB6442F00986CAF /* Sources */ = {
			isa = PBXSourcesBuildPhase;
			buildActionMask = 2147483647;
			files = (
			);
			runOnlyForDeploymentPostprocessing = 0;
		};
/* End PBXSourcesBuildPhase section */

/* Begin PBXTargetDependency section */
		94D0ABBF2DB6442F00986CAF /* PBXTargetDependency */ = {
			isa = PBXTargetDependency;
			target = 94D0ABAC2DB6442D00986CAF /* Medications */;
			targetProxy = 94D0ABBE2DB6442F00986CAF /* PBXContainerItemProxy */;
		};
		94D0ABC92DB6442F00986CAF /* PBXTargetDependency */ = {
			isa = PBXTargetDependency;
			target = 94D0ABAC2DB6442D00986CAF /* Medications */;
			targetProxy = 94D0ABC82DB6442F00986CAF /* PBXContainerItemProxy */;
		};
/* End PBXTargetDependency section */

/* Begin XCBuildConfiguration section */
		94D0ABCF2DB6442F00986CAF /* Debug */ = {
			isa = XCBuildConfiguration;
			buildSettings = {
				ALWAYS_SEARCH_USER_PATHS = NO;
				ASSETCATALOG_COMPILER_GENERATE_SWIFT_ASSET_SYMBOL_EXTENSIONS = YES;
				CLANG_ANALYZER_NONNULL = YES;
				CLANG_ANALYZER_NUMBER_OBJECT_CONVERSION = YES_AGGRESSIVE;
				CLANG_CXX_LANGUAGE_STANDARD = "gnu++20";
				CLANG_ENABLE_MODULES = YES;
				CLANG_ENABLE_OBJC_ARC = YES;
				CLANG_ENABLE_OBJC_WEAK = YES;
				CLANG_WARN_BLOCK_CAPTURE_AUTORELEASING = YES;
				CLANG_WARN_BOOL_CONVERSION = YES;
				CLANG_WARN_COMMA = YES;
				CLANG_WARN_CONSTANT_CONVERSION = YES;
				CLANG_WARN_DEPRECATED_OBJC_IMPLEMENTATIONS = YES;
				CLANG_WARN_DIRECT_OBJC_ISA_USAGE = YES_ERROR;
				CLANG_WARN_DOCUMENTATION_COMMENTS = YES;
				CLANG_WARN_EMPTY_BODY = YES;
				CLANG_WARN_ENUM_CONVERSION = YES;
				CLANG_WARN_INFINITE_RECURSION = YES;
				CLANG_WARN_INT_CONVERSION = YES;
				CLANG_WARN_NON_LITERAL_NULL_CONVERSION = YES;
				CLANG_WARN_OBJC_IMPLICIT_RETAIN_SELF = YES;
				CLANG_WARN_OBJC_LITERAL_CONVERSION = YES;
				CLANG_WARN_OBJC_ROOT_CLASS = YES_ERROR;
				CLANG_WARN_QUOTED_INCLUDE_IN_FRAMEWORK_HEADER = YES;
				CLANG_WARN_RANGE_LOOP_ANALYSIS = YES;
				CLANG_WARN_STRICT_PROTOTYPES = YES;
				CLANG_WARN_SUSPICIOUS_MOVE = YES;
				CLANG_WARN_UNGUARDED_AVAILABILITY = YES_AGGRESSIVE;
				CLANG_WARN_UNREACHABLE_CODE = YES;
				CLANG_WARN__DUPLICATE_METHOD_MATCH = YES;
				COPY_PHASE_STRIP = NO;
				DEBUG_INFORMATION_FORMAT = dwarf;
				ENABLE_STRICT_OBJC_MSGSEND = YES;
				ENABLE_TESTABILITY = YES;
				ENABLE_USER_SCRIPT_SANDBOXING = YES;
				GCC_C_LANGUAGE_STANDARD = gnu17;
				GCC_DYNAMIC_NO_PIC = NO;
				GCC_NO_COMMON_BLOCKS = YES;
				GCC_OPTIMIZATION_LEVEL = 0;
				GCC_PREPROCESSOR_DEFINITIONS = (
					"DEBUG=1",
					"$(inherited)",
				);
				GCC_WARN_64_TO_32_BIT_CONVERSION = YES;
				GCC_WARN_ABOUT_RETURN_TYPE = YES_ERROR;
				GCC_WARN_UNDECLARED_SELECTOR = YES;
				GCC_WARN_UNINITIALIZED_AUTOS = YES_AGGRESSIVE;
				GCC_WARN_UNUSED_FUNCTION = YES;
				GCC_WARN_UNUSED_VARIABLE = YES;
				IPHONEOS_DEPLOYMENT_TARGET = 18.2;
				LOCALIZATION_PREFERS_STRING_CATALOGS = YES;
				MTL_ENABLE_DEBUG_INFO = INCLUDE_SOURCE;
				MTL_FAST_MATH = YES;
				ONLY_ACTIVE_ARCH = YES;
				SDKROOT = iphoneos;
				SWIFT_ACTIVE_COMPILATION_CONDITIONS = "DEBUG $(inherited)";
				SWIFT_OPTIMIZATION_LEVEL = "-Onone";
			};
			name = Debug;
		};
		94D0ABD02DB6442F00986CAF /* Release */ = {
			isa = XCBuildConfiguration;
			buildSettings = {
				ALWAYS_SEARCH_USER_PATHS = NO;
				ASSETCATALOG_COMPILER_GENERATE_SWIFT_ASSET_SYMBOL_EXTENSIONS = YES;
				CLANG_ANALYZER_NONNULL = YES;
				CLANG_ANALYZER_NUMBER_OBJECT_CONVERSION = YES_AGGRESSIVE;
				CLANG_CXX_LANGUAGE_STANDARD = "gnu++20";
				CLANG_ENABLE_MODULES = YES;
				CLANG_ENABLE_OBJC_ARC = YES;
				CLANG_ENABLE_OBJC_WEAK = YES;
				CLANG_WARN_BLOCK_CAPTURE_AUTORELEASING = YES;
				CLANG_WARN_BOOL_CONVERSION = YES;
				CLANG_WARN_COMMA = YES;
				CLANG_WARN_CONSTANT_CONVERSION = YES;
				CLANG_WARN_DEPRECATED_OBJC_IMPLEMENTATIONS = YES;
				CLANG_WARN_DIRECT_OBJC_ISA_USAGE = YES_ERROR;
				CLANG_WARN_DOCUMENTATION_COMMENTS = YES;
				CLANG_WARN_EMPTY_BODY = YES;
				CLANG_WARN_ENUM_CONVERSION = YES;
				CLANG_WARN_INFINITE_RECURSION = YES;
				CLANG_WARN_INT_CONVERSION = YES;
				CLANG_WARN_NON_LITERAL_NULL_CONVERSION = YES;
				CLANG_WARN_OBJC_IMPLICIT_RETAIN_SELF = YES;
				CLANG_WARN_OBJC_LITERAL_CONVERSION = YES;
				CLANG_WARN_OBJC_ROOT_CLASS = YES_ERROR;
				CLANG_WARN_QUOTED_INCLUDE_IN_FRAMEWORK_HEADER = YES;
				CLANG_WARN_RANGE_LOOP_ANALYSIS = YES;
				CLANG_WARN_STRICT_PROTOTYPES = YES;
				CLANG_WARN_SUSPICIOUS_MOVE = YES;
				CLANG_WARN_UNGUARDED_AVAILABILITY = YES_AGGRESSIVE;
				CLANG_WARN_UNREACHABLE_CODE = YES;
				CLANG_WARN__DUPLICATE_METHOD_MATCH = YES;
				COPY_PHASE_STRIP = NO;
				DEBUG_INFORMATION_FORMAT = "dwarf-with-dsym";
				ENABLE_NS_ASSERTIONS = NO;
				ENABLE_STRICT_OBJC_MSGSEND = YES;
				ENABLE_USER_SCRIPT_SANDBOXING = YES;
				GCC_C_LANGUAGE_STANDARD = gnu17;
				GCC_NO_COMMON_BLOCKS = YES;
				GCC_WARN_64_TO_32_BIT_CONVERSION = YES;
				GCC_WARN_ABOUT_RETURN_TYPE = YES_ERROR;
				GCC_WARN_UNDECLARED_SELECTOR = YES;
				GCC_WARN_UNINITIALIZED_AUTOS = YES_AGGRESSIVE;
				GCC_WARN_UNUSED_FUNCTION = YES;
				GCC_WARN_UNUSED_VARIABLE = YES;
				IPHONEOS_DEPLOYMENT_TARGET = 18.2;
				LOCALIZATION_PREFERS_STRING_CATALOGS = YES;
				MTL_ENABLE_DEBUG_INFO = NO;
				MTL_FAST_MATH = YES;
				SDKROOT = iphoneos;
				SWIFT_COMPILATION_MODE = wholemodule;
				VALIDATE_PRODUCT = YES;
			};
			name = Release;
		};
		94D0ABD22DB6442F00986CAF /* Debug */ = {
			isa = XCBuildConfiguration;
			buildSettings = {
				ASSETCATALOG_COMPILER_APPICON_NAME = AppIcon;
				ASSETCATALOG_COMPILER_GLOBAL_ACCENT_COLOR_NAME = AccentColor;
				CODE_SIGN_STYLE = Automatic;
				CURRENT_PROJECT_VERSION = 1;
				DEVELOPMENT_ASSET_PATHS = "\"Medications/Preview Content\"";
				DEVELOPMENT_TEAM = F8L7D25KA3;
				ENABLE_PREVIEWS = YES;
				GENERATE_INFOPLIST_FILE = YES;
				INFOPLIST_KEY_UIApplicationSceneManifest_Generation = YES;
				INFOPLIST_KEY_UIApplicationSupportsIndirectInputEvents = YES;
				INFOPLIST_KEY_UILaunchScreen_Generation = YES;
				INFOPLIST_KEY_UISupportedInterfaceOrientations_iPad = "UIInterfaceOrientationPortrait UIInterfaceOrientationPortraitUpsideDown UIInterfaceOrientationLandscapeLeft UIInterfaceOrientationLandscapeRight";
				INFOPLIST_KEY_UISupportedInterfaceOrientations_iPhone = "UIInterfaceOrientationPortrait UIInterfaceOrientationLandscapeLeft UIInterfaceOrientationLandscapeRight";
				IPHONEOS_DEPLOYMENT_TARGET = 16.6;
				LD_RUNPATH_SEARCH_PATHS = (
					"$(inherited)",
					"@executable_path/Frameworks",
				);
				MARKETING_VERSION = 1.0;
				PRODUCT_BUNDLE_IDENTIFIER = com.test.Medications;
				PRODUCT_NAME = "$(TARGET_NAME)";
				SWIFT_EMIT_LOC_STRINGS = YES;
				SWIFT_VERSION = 5.0;
				TARGETED_DEVICE_FAMILY = "1,2";
			};
			name = Debug;
		};
		94D0ABD32DB6442F00986CAF /* Release */ = {
			isa = XCBuildConfiguration;
			buildSettings = {
				ASSETCATALOG_COMPILER_APPICON_NAME = AppIcon;
				ASSETCATALOG_COMPILER_GLOBAL_ACCENT_COLOR_NAME = AccentColor;
				CODE_SIGN_STYLE = Automatic;
				CURRENT_PROJECT_VERSION = 1;
				DEVELOPMENT_ASSET_PATHS = "\"Medications/Preview Content\"";
				DEVELOPMENT_TEAM = F8L7D25KA3;
				ENABLE_PREVIEWS = YES;
				GENERATE_INFOPLIST_FILE = YES;
				INFOPLIST_KEY_UIApplicationSceneManifest_Generation = YES;
				INFOPLIST_KEY_UIApplicationSupportsIndirectInputEvents = YES;
				INFOPLIST_KEY_UILaunchScreen_Generation = YES;
				INFOPLIST_KEY_UISupportedInterfaceOrientations_iPad = "UIInterfaceOrientationPortrait UIInterfaceOrientationPortraitUpsideDown UIInterfaceOrientationLandscapeLeft UIInterfaceOrientationLandscapeRight";
				INFOPLIST_KEY_UISupportedInterfaceOrientations_iPhone = "UIInterfaceOrientationPortrait UIInterfaceOrientationLandscapeLeft UIInterfaceOrientationLandscapeRight";
				IPHONEOS_DEPLOYMENT_TARGET = 16.6;
				LD_RUNPATH_SEARCH_PATHS = (
					"$(inherited)",
					"@executable_path/Frameworks",
				);
				MARKETING_VERSION = 1.0;
				PRODUCT_BUNDLE_IDENTIFIER = com.test.Medications;
				PRODUCT_NAME = "$(TARGET_NAME)";
				SWIFT_EMIT_LOC_STRINGS = YES;
				SWIFT_VERSION = 5.0;
				TARGETED_DEVICE_FAMILY = "1,2";
			};
			name = Release;
		};
		94D0ABD52DB6442F00986CAF /* Debug */ = {
			isa = XCBuildConfiguration;
			buildSettings = {
				BUNDLE_LOADER = "$(TEST_HOST)";
				CODE_SIGN_STYLE = Automatic;
				CURRENT_PROJECT_VERSION = 1;
				DEVELOPMENT_TEAM = 57QD39YJ2V;
				GENERATE_INFOPLIST_FILE = YES;
				IPHONEOS_DEPLOYMENT_TARGET = 18.2;
				MARKETING_VERSION = 1.0;
				PRODUCT_BUNDLE_IDENTIFIER = com.test.MedicationsTests;
				PRODUCT_NAME = "$(TARGET_NAME)";
				SWIFT_EMIT_LOC_STRINGS = NO;
				SWIFT_VERSION = 5.0;
				TARGETED_DEVICE_FAMILY = "1,2";
				TEST_HOST = "$(BUILT_PRODUCTS_DIR)/Medications.app/$(BUNDLE_EXECUTABLE_FOLDER_PATH)/Medications";
			};
			name = Debug;
		};
		94D0ABD62DB6442F00986CAF /* Release */ = {
			isa = XCBuildConfiguration;
			buildSettings = {
				BUNDLE_LOADER = "$(TEST_HOST)";
				CODE_SIGN_STYLE = Automatic;
				CURRENT_PROJECT_VERSION = 1;
				DEVELOPMENT_TEAM = 57QD39YJ2V;
				GENERATE_INFOPLIST_FILE = YES;
				IPHONEOS_DEPLOYMENT_TARGET = 18.2;
				MARKETING_VERSION = 1.0;
				PRODUCT_BUNDLE_IDENTIFIER = com.test.MedicationsTests;
				PRODUCT_NAME = "$(TARGET_NAME)";
				SWIFT_EMIT_LOC_STRINGS = NO;
				SWIFT_VERSION = 5.0;
				TARGETED_DEVICE_FAMILY = "1,2";
				TEST_HOST = "$(BUILT_PRODUCTS_DIR)/Medications.app/$(BUNDLE_EXECUTABLE_FOLDER_PATH)/Medications";
			};
			name = Release;
		};
		94D0ABD82DB6442F00986CAF /* Debug */ = {
			isa = XCBuildConfiguration;
			buildSettings = {
				CODE_SIGN_STYLE = Automatic;
				CURRENT_PROJECT_VERSION = 1;
				DEVELOPMENT_TEAM = 57QD39YJ2V;
				GENERATE_INFOPLIST_FILE = YES;
				MARKETING_VERSION = 1.0;
				PRODUCT_BUNDLE_IDENTIFIER = com.test.MedicationsUITests;
				PRODUCT_NAME = "$(TARGET_NAME)";
				SWIFT_EMIT_LOC_STRINGS = NO;
				SWIFT_VERSION = 5.0;
				TARGETED_DEVICE_FAMILY = "1,2";
				TEST_TARGET_NAME = Medications;
			};
			name = Debug;
		};
		94D0ABD92DB6442F00986CAF /* Release */ = {
			isa = XCBuildConfiguration;
			buildSettings = {
				CODE_SIGN_STYLE = Automatic;
				CURRENT_PROJECT_VERSION = 1;
				DEVELOPMENT_TEAM = 57QD39YJ2V;
				GENERATE_INFOPLIST_FILE = YES;
				MARKETING_VERSION = 1.0;
				PRODUCT_BUNDLE_IDENTIFIER = com.test.MedicationsUITests;
				PRODUCT_NAME = "$(TARGET_NAME)";
				SWIFT_EMIT_LOC_STRINGS = NO;
				SWIFT_VERSION = 5.0;
				TARGETED_DEVICE_FAMILY = "1,2";
				TEST_TARGET_NAME = Medications;
			};
			name = Release;
		};
/* End XCBuildConfiguration section */

/* Begin XCConfigurationList section */
		94D0ABA82DB6442D00986CAF /* Build configuration list for PBXProject "Medications" */ = {
			isa = XCConfigurationList;
			buildConfigurations = (
				94D0ABCF2DB6442F00986CAF /* Debug */,
				94D0ABD02DB6442F00986CAF /* Release */,
			);
			defaultConfigurationIsVisible = 0;
			defaultConfigurationName = Release;
		};
		94D0ABD12DB6442F00986CAF /* Build configuration list for PBXNativeTarget "Medications" */ = {
			isa = XCConfigurationList;
			buildConfigurations = (
				94D0ABD22DB6442F00986CAF /* Debug */,
				94D0ABD32DB6442F00986CAF /* Release */,
			);
			defaultConfigurationIsVisible = 0;
			defaultConfigurationName = Release;
		};
		94D0ABD42DB6442F00986CAF /* Build configuration list for PBXNativeTarget "MedicationsTests" */ = {
			isa = XCConfigurationList;
			buildConfigurations = (
				94D0ABD52DB6442F00986CAF /* Debug */,
				94D0ABD62DB6442F00986CAF /* Release */,
			);
			defaultConfigurationIsVisible = 0;
			defaultConfigurationName = Release;
		};
		94D0ABD72DB6442F00986CAF /* Build configuration list for PBXNativeTarget "MedicationsUITests" */ = {
			isa = XCConfigurationList;
			buildConfigurations = (
				94D0ABD82DB6442F00986CAF /* Debug */,
				94D0ABD92DB6442F00986CAF /* Release */,
			);
			defaultConfigurationIsVisible = 0;
			defaultConfigurationName = Release;
		};
/* End XCConfigurationList section */

/* Begin XCRemoteSwiftPackageReference section */
		9407DDBE2DB887F2003F8C1F /* XCRemoteSwiftPackageReference "realm-swift" */ = {
			isa = XCRemoteSwiftPackageReference;
			repositoryURL = "https://github.com/realm/realm-swift.git";
			requirement = {
				branch = master;
				kind = branch;
			};
		};
/* End XCRemoteSwiftPackageReference section */

/* Begin XCSwiftPackageProductDependency section */
		9407DE1F2DB88EC3003F8C1F /* RealmSwift */ = {
			isa = XCSwiftPackageProductDependency;
			package = 9407DDBE2DB887F2003F8C1F /* XCRemoteSwiftPackageReference "realm-swift" */;
			productName = RealmSwift;
		};
/* End XCSwiftPackageProductDependency section */
	};
	rootObject = 94D0ABA52DB6442D00986CAF /* Project object */;
}
